
Microsoft Visual Studio Solution File, Format Version 12.00
# Visual Studio Version 16
VisualStudioVersion = 16.0.810.16
MinimumVisualStudioVersion = 10.0.40219.1
Project("{FAE04EC0-301F-11D3-BF4B-00C04F79EFBC}") = "trinary", "trinary\trinary.csproj", "{C19B1C47-DC45-4B06-B3A5-7BB3FF3C2DFA}"
EndProject
Global
	GlobalSection(SolutionConfigurationPlatforms) = preSolution
		Debug|anycpu = Debug|anycpu
		Release|anycpu = Release|anycpu
	EndGlobalSection
	GlobalSection(ProjectConfigurationPlatforms) = postSolution
		{C19B1C47-DC45-4B06-B3A5-7BB3FF3C2DFA}.Debug|anycpu.ActiveCfg = Debug|anycpu
		{C19B1C47-DC45-4B06-B3A5-7BB3FF3C2DFA}.Debug|anycpu.Build.0 = Debug|anycpu
		{C19B1C47-DC45-4B06-B3A5-7BB3FF3C2DFA}.Release|anycpu.ActiveCfg = Release|anycpu
		{C19B1C47-DC45-4B06-B3A5-7BB3FF3C2DFA}.Release|anycpu.Build.0 = Release|anycpu
	EndGlobalSection
	GlobalSection(SolutionProperties) = preSolution
		HideSolutionNode = FALSE
	EndGlobalSection
	GlobalSection(ExtensibilityGlobals) = postSolution
		SolutionGuid = {B6336192-FB11-4B8A-838C-D3CCD04C9CE3}
	EndGlobalSection
EndGlobal
